
Microsoft Visual Studio Solution File, Format Version 12.00
# Visual Studio Version 16
VisualStudioVersion = 16.0.31402.337
MinimumVisualStudioVersion = 10.0.40219.1
Project("{9A19103F-16F7-4668-BE54-9A1E7A4F7556}") = "Octarines.IbmMqPoc.Workers", "Octarines.IbmMqPoc.Workers\Octarines.IbmMqPoc.Workers.csproj", "{D5326B31-9003-458C-A759-9AC733EA15FD}"
EndProject
Project("{FAE04EC0-301F-11D3-BF4B-00C04F79EFBC}") = "Octarines.IbmMqPoc.Models", "Octarines.IbmMqPoc.Models\Octarines.IbmMqPoc.Models.csproj", "{32B41FA7-4192-4D7F-8BB1-FDA6B023AAEB}"
EndProject
Global
	GlobalSection(SolutionConfigurationPlatforms) = preSolution
		Debug|Any CPU = Debug|Any CPU
		Release|Any CPU = Release|Any CPU
	EndGlobalSection
	GlobalSection(ProjectConfigurationPlatforms) = postSolution
		{D5326B31-9003-458C-A759-9AC733EA15FD}.Debug|Any CPU.ActiveCfg = Debug|Any CPU
		{D5326B31-9003-458C-A759-9AC733EA15FD}.Debug|Any CPU.Build.0 = Debug|Any CPU
		{D5326B31-9003-458C-A759-9AC733EA15FD}.Release|Any CPU.ActiveCfg = Release|Any CPU
		{D5326B31-9003-458C-A759-9AC733EA15FD}.Release|Any CPU.Build.0 = Release|Any CPU
		{32B41FA7-4192-4D7F-8BB1-FDA6B023AAEB}.Debug|Any CPU.ActiveCfg = Debug|Any CPU
		{32B41FA7-4192-4D7F-8BB1-FDA6B023AAEB}.Debug|Any CPU.Build.0 = Debug|Any CPU
		{32B41FA7-4192-4D7F-8BB1-FDA6B023AAEB}.Release|Any CPU.ActiveCfg = Release|Any CPU
		{32B41FA7-4192-4D7F-8BB1-FDA6B023AAEB}.Release|Any CPU.Build.0 = Release|Any CPU
	EndGlobalSection
	GlobalSection(SolutionProperties) = preSolution
		HideSolutionNode = FALSE
	EndGlobalSection
	GlobalSection(ExtensibilityGlobals) = postSolution
		SolutionGuid = {B0A972CE-DC8A-4835-A6A2-CF26E5378CA7}
	EndGlobalSection
EndGlobal
